
Microsoft Visual Studio Solution File, Format Version 12.00
# Visual Studio 15
VisualStudioVersion = 15.0.28307.168
MinimumVisualStudioVersion = 10.0.40219.1
Project("{9A19103F-16F7-4668-BE54-9A1E7A4F7556}") = "TvMazeScraper", "TvMazeScraper\TvMazeScraper.csproj", "{A13D6EF9-CD99-46CA-A848-586D4D950538}"
EndProject
Project("{9A19103F-16F7-4668-BE54-9A1E7A4F7556}") = "TvMazeScraper.Data", "TvMazeScraper.Data\TvMazeScraper.Data.csproj", "{9BEB5FEC-CBD6-45D1-8515-96A3DC67C49F}"
EndProject
Project("{FAE04EC0-301F-11D3-BF4B-00C04F79EFBC}") = "TvMazeScraper.Test", "TvMazeScraper.Test\TvMazeScraper.Test.csproj", "{F617A799-C308-446A-AE83-6B0784C56B5B}"
EndProject
Global
	GlobalSection(SolutionConfigurationPlatforms) = preSolution
		Debug|Any CPU = Debug|Any CPU
		Release|Any CPU = Release|Any CPU
	EndGlobalSection
	GlobalSection(ProjectConfigurationPlatforms) = postSolution
		{A13D6EF9-CD99-46CA-A848-586D4D950538}.Debug|Any CPU.ActiveCfg = Debug|Any CPU
		{A13D6EF9-CD99-46CA-A848-586D4D950538}.Debug|Any CPU.Build.0 = Debug|Any CPU
		{A13D6EF9-CD99-46CA-A848-586D4D950538}.Release|Any CPU.ActiveCfg = Release|Any CPU
		{A13D6EF9-CD99-46CA-A848-586D4D950538}.Release|Any CPU.Build.0 = Release|Any CPU
		{9BEB5FEC-CBD6-45D1-8515-96A3DC67C49F}.Debug|Any CPU.ActiveCfg = Debug|Any CPU
		{9BEB5FEC-CBD6-45D1-8515-96A3DC67C49F}.Debug|Any CPU.Build.0 = Debug|Any CPU
		{9BEB5FEC-CBD6-45D1-8515-96A3DC67C49F}.Release|Any CPU.ActiveCfg = Release|Any CPU
		{9BEB5FEC-CBD6-45D1-8515-96A3DC67C49F}.Release|Any CPU.Build.0 = Release|Any CPU
		{F617A799-C308-446A-AE83-6B0784C56B5B}.Debug|Any CPU.ActiveCfg = Debug|Any CPU
		{F617A799-C308-446A-AE83-6B0784C56B5B}.Debug|Any CPU.Build.0 = Debug|Any CPU
		{F617A799-C308-446A-AE83-6B0784C56B5B}.Release|Any CPU.ActiveCfg = Release|Any CPU
		{F617A799-C308-446A-AE83-6B0784C56B5B}.Release|Any CPU.Build.0 = Release|Any CPU
	EndGlobalSection
	GlobalSection(SolutionProperties) = preSolution
		HideSolutionNode = FALSE
	EndGlobalSection
	GlobalSection(ExtensibilityGlobals) = postSolution
		SolutionGuid = {CB47B21F-5D9D-428B-A8D2-4DDFF562FDE4}
	EndGlobalSection
EndGlobal
